
Microsoft Visual Studio Solution File, Format Version 12.00
# Visual Studio 14
VisualStudioVersion = 14.0.25420.1
MinimumVisualStudioVersion = 10.0.40219.1
Project("{FAE04EC0-301F-11D3-BF4B-00C04F79EFBC}") = "FitnessShake", "FitnessShake\FitnessShake.csproj", "{C517BDCF-6E4F-4C20-9399-A6FB48358ADD}"
EndProject
Project("{FAE04EC0-301F-11D3-BF4B-00C04F79EFBC}") = "FitnessShake.Tests", "FitnessShake.Tests\FitnessShake.Tests.csproj", "{816FFFB9-F26E-45EE-8020-B51A71F04978}"
EndProject
Global
	GlobalSection(SolutionConfigurationPlatforms) = preSolution
		Debug|Any CPU = Debug|Any CPU
		Release|Any CPU = Release|Any CPU
	EndGlobalSection
	GlobalSection(ProjectConfigurationPlatforms) = postSolution
		{C517BDCF-6E4F-4C20-9399-A6FB48358ADD}.Debug|Any CPU.ActiveCfg = Debug|Any CPU
		{C517BDCF-6E4F-4C20-9399-A6FB48358ADD}.Debug|Any CPU.Build.0 = Debug|Any CPU
		{C517BDCF-6E4F-4C20-9399-A6FB48358ADD}.Release|Any CPU.ActiveCfg = Release|Any CPU
		{C517BDCF-6E4F-4C20-9399-A6FB48358ADD}.Release|Any CPU.Build.0 = Release|Any CPU
		{816FFFB9-F26E-45EE-8020-B51A71F04978}.Debug|Any CPU.ActiveCfg = Debug|Any CPU
		{816FFFB9-F26E-45EE-8020-B51A71F04978}.Debug|Any CPU.Build.0 = Debug|Any CPU
		{816FFFB9-F26E-45EE-8020-B51A71F04978}.Release|Any CPU.ActiveCfg = Release|Any CPU
		{816FFFB9-F26E-45EE-8020-B51A71F04978}.Release|Any CPU.Build.0 = Release|Any CPU
	EndGlobalSection
	GlobalSection(SolutionProperties) = preSolution
		HideSolutionNode = FALSE
	EndGlobalSection
EndGlobal
